
Microsoft Visual Studio Solution File, Format Version 12.00
# Visual Studio 15
VisualStudioVersion = 15.0.28307.1259
MinimumVisualStudioVersion = 10.0.40219.1
Project("{8BC9CEB8-8B4A-11D0-8D11-00A0C91BC942}") = "Zadatak7", "Zadatak7\Zadatak7.vcxproj", "{EC50FEA8-99E3-42F3-B5DE-C1871746425E}"
EndProject
Global
	GlobalSection(SolutionConfigurationPlatforms) = preSolution
		Debug|x64 = Debug|x64
		Debug|x86 = Debug|x86
		Release|x64 = Release|x64
		Release|x86 = Release|x86
	EndGlobalSection
	GlobalSection(ProjectConfigurationPlatforms) = postSolution
		{EC50FEA8-99E3-42F3-B5DE-C1871746425E}.Debug|x64.ActiveCfg = Debug|x64
		{EC50FEA8-99E3-42F3-B5DE-C1871746425E}.Debug|x64.Build.0 = Debug|x64
		{EC50FEA8-99E3-42F3-B5DE-C1871746425E}.Debug|x86.ActiveCfg = Debug|Win32
		{EC50FEA8-99E3-42F3-B5DE-C1871746425E}.Debug|x86.Build.0 = Debug|Win32
		{EC50FEA8-99E3-42F3-B5DE-C1871746425E}.Release|x64.ActiveCfg = Release|x64
		{EC50FEA8-99E3-42F3-B5DE-C1871746425E}.Release|x64.Build.0 = Release|x64
		{EC50FEA8-99E3-42F3-B5DE-C1871746425E}.Release|x86.ActiveCfg = Release|Win32
		{EC50FEA8-99E3-42F3-B5DE-C1871746425E}.Release|x86.Build.0 = Release|Win32
	EndGlobalSection
	GlobalSection(SolutionProperties) = preSolution
		HideSolutionNode = FALSE
	EndGlobalSection
	GlobalSection(ExtensibilityGlobals) = postSolution
		SolutionGuid = {26D61A60-0D9B-4117-9586-BFE363177FB2}
	EndGlobalSection
EndGlobal
